{
  "R": {
    "Version": "4.2.1",
    "Repositories": [
      {
        "Name": "CRAN",
        "URL": "http://Shr-Srv-CRAN/CRAN"
      }
    ]
  },
  "Packages": {
    "Andromeda": {
      "Package": "Andromeda",
      "Version": "0.4.0",
      "Source": "GitHub",
      "RemoteType": "github",
      "RemoteHost": "api.github.com",
      "RemoteRepo": "Andromeda",
      "RemoteUsername": "ohdsi",
      "RemoteRef": "v0.4.0",
      "RemoteSha": "bd8666b84faba407bcf24ca81e205431ebaf5e78",
      "Hash": "d0963caf94986e836237e436be34ed05",
      "Requirements": [
        "DBI",
        "RSQLite",
        "dbplyr",
        "dplyr",
        "rlang",
        "tidyselect",
        "zip"
      ]
    },
    "BH": {
      "Package": "BH",
      "Version": "1.78.0-0",
      "Source": "Repository",
      "Repository": "CRAN",
      "Hash": "4e348572ffcaa2fb1e610e7a941f6f3a",
      "Requirements": []
    },
    "Cyclops": {
      "Package": "Cyclops",
      "Version": "3.2.1",
      "Source": "Repository",
      "Repository": "CRAN",
      "Hash": "319ed4c34c5b150ebba5e0faadc53847",
      "Requirements": [
        "Andromeda",
        "BH",
        "Matrix",
        "RcppEigen",
        "bit64",
        "dplyr",
        "rlang",
        "survival"
      ]
    },
    "DBI": {
      "Package": "DBI",
      "Version": "1.1.3",
      "Source": "Repository",
      "Repository": "CRAN",
      "Hash": "b2866e62bab9378c3cc9476a1954226b",
      "Requirements": []
    },
    "DatabaseConnector": {
      "Package": "DatabaseConnector",
      "Version": "5.1.0",
      "Source": "Repository",
      "Repository": "CRAN",
      "Hash": "7efe1532a5256de9dd7f2f8d90b4e6da",
      "Requirements": [
        "DBI",
        "SqlRender",
        "bit64",
        "readr",
        "rlang",
        "urltools"
      ]
    },
    "FeatureExtraction": {
      "Package": "FeatureExtraction",
      "Version": "3.2.0",
      "Source": "GitHub",
      "Remotes": "ohdsi/Eunomia",
      "RemoteType": "github",
      "RemoteHost": "api.github.com",
      "RemoteRepo": "FeatureExtraction",
      "RemoteUsername": "ohdsi",
      "RemoteRef": "v3.2.0",
      "RemoteSha": "bddb9ca9ce946a540b04e7bfa0a2465344b7b249",
      "Hash": "12aa553d2e6d9a843f7b3a1d573ffa2f",
      "Requirements": [
        "Andromeda",
        "DBI",
        "DatabaseConnector",
        "ParallelLogger",
        "RSQLite",
        "SqlRender",
        "dplyr",
        "readr",
        "rlang"
      ]
    },
    "Formula": {
      "Package": "Formula",
      "Version": "1.2-4",
      "Source": "Repository",
      "Repository": "CRAN",
      "Hash": "cc8c8c4d61346cde1ca60030ff9c241f",
      "Requirements": []
    },
    "Hmisc": {
      "Package": "Hmisc",
      "Version": "4.7-1",
      "Source": "Repository",
      "Repository": "CRAN",
      "Hash": "498335c7ca1381ae0c07fe226e0f5dde",
      "Requirements": [
        "Formula",
        "cluster",
        "data.table",
        "foreign",
        "ggplot2",
        "gridExtra",
        "gtable",
        "htmlTable",
        "lattice",
        "latticeExtra",
        "nnet",
        "rpart",
        "survival",
        "viridis"
      ]
    },
    "MASS": {
      "Package": "MASS",
      "Version": "7.3-58.1",
      "Source": "Repository",
      "Repository": "CRAN",
      "Hash": "762e1804143a332333c054759f89a706",
      "Requirements": []
    },
    "Matrix": {
      "Package": "Matrix",
      "Version": "1.5-1",
      "Source": "Repository",
      "Repository": "CRAN",
      "Hash": "539dc0c0c05636812f1080f473d2c177",
      "Requirements": [
        "lattice"
      ]
    },
    "MatrixModels": {
      "Package": "MatrixModels",
      "Version": "0.5-1",
      "Source": "Repository",
      "Repository": "CRAN",
      "Hash": "963ab8fbaf980a5b081ed40419081439",
      "Requirements": [
        "Matrix"
      ]
    },
    "PRROC": {
      "Package": "PRROC",
      "Version": "1.3.1",
      "Source": "Repository",
      "Repository": "CRAN",
      "Hash": "5506f0a5a0661ac39bfcfca702f1f282",
      "Requirements": []
    },
    "ParallelLogger": {
      "Package": "ParallelLogger",
      "Version": "3.0.1",
      "Source": "Repository",
      "Repository": "CRAN",
      "Hash": "ed274761e439cb327f16ea643457d16c",
      "Requirements": [
        "snow",
        "xml2"
      ]
    },
    "PatientLevelPrediction": {
      "Package": "PatientLevelPrediction",
      "Version": "4.3.10",
      "Source": "GitHub",
      "Remotes": "ohdsi/FeatureExtraction, ohdsi/BigKnn",
      "RemoteType": "github",
      "RemoteHost": "api.github.com",
      "RemoteRepo": "PatientLevelPrediction",
      "RemoteUsername": "ohdsi",
      "RemoteRef": "v4.3.10",
      "RemoteSha": "eedce1f3b3bc12aa080bbad04dd144f5afb42e51",
      "Hash": "410d4055c9f5e409751848eb77e9656e",
      "Requirements": [
        "Andromeda",
        "Cyclops",
        "DatabaseConnector",
        "FeatureExtraction",
        "Hmisc",
        "Matrix",
        "PRROC",
        "ParallelLogger",
        "RSQLite",
        "SqlRender",
        "benchmarkme",
        "bit64",
        "dplyr",
        "ggplot2",
        "gridExtra",
        "reshape2",
        "reticulate",
        "rlang",
        "rms",
        "slam",
        "survival",
        "tidyr",
        "zeallot"
      ]
    },
    "RColorBrewer": {
      "Package": "RColorBrewer",
      "Version": "1.1-3",
      "Source": "Repository",
      "Repository": "CRAN",
      "Hash": "45f0398006e83a5b10b72a90663d8d8c",
      "Requirements": []
    },
    "RSQLite": {
      "Package": "RSQLite",
      "Version": "2.2.18",
      "Source": "Repository",
      "Repository": "CRAN",
      "Hash": "a4a3bcd8a9380e04c86876d73a085b8f",
      "Requirements": [
        "DBI",
        "bit64",
        "blob",
        "plogr"
      ]
    },
    "RcppEigen": {
      "Package": "RcppEigen",
      "Version": "0.3.3.9.2",
      "Source": "Repository",
      "Repository": "CRAN",
      "Hash": "4c86baed78388ceb06f88e3e9a1d87f5",
      "Requirements": [
        "Matrix"
      ]
    },
    "RcppTOML": {
      "Package": "RcppTOML",
      "Version": "0.1.7",
      "Source": "Repository",
      "Repository": "CRAN",
      "Hash": "f8a578aa91321ecec1292f1e2ffadeda",
      "Requirements": []
    },
    "SparseM": {
      "Package": "SparseM",
      "Version": "1.81",
      "Source": "Repository",
      "Repository": "CRAN",
      "Hash": "2042cd9759cc89a453c4aefef0ce9aae",
      "Requirements": []
    },
    "SqlRender": {
      "Package": "SqlRender",
      "Version": "1.10.0",
      "Source": "Repository",
      "Repository": "CRAN",
      "Hash": "ce817a84681549f442cc4b240f2028aa",
      "Requirements": [
        "checkmate",
        "rlang"
      ]
    },
    "TH.data": {
      "Package": "TH.data",
      "Version": "1.1-1",
      "Source": "Repository",
      "Repository": "CRAN",
      "Hash": "69df2ed9b1a021e89e22cb95e5222860",
      "Requirements": [
        "MASS",
        "survival"
      ]
    },
    "assertthat": {
      "Package": "assertthat",
      "Version": "0.2.1",
      "Source": "Repository",
      "Repository": "CRAN",
      "Hash": "50c838a310445e954bc13f26f26a6ecf",
      "Requirements": []
    },
    "backports": {
      "Package": "backports",
      "Version": "1.4.1",
      "Source": "Repository",
      "Repository": "CRAN",
      "Hash": "c39fbec8a30d23e721980b8afb31984c",
      "Requirements": []
    },
    "benchmarkme": {
      "Package": "benchmarkme",
      "Version": "1.0.8",
      "Source": "Repository",
      "Repository": "CRAN",
      "Hash": "eaa6ca07e7dfe815da4c1f62a425d9d2",
      "Requirements": [
        "Matrix",
        "benchmarkmeData",
        "doParallel",
        "dplyr",
        "foreach"
      ]
    },
    "benchmarkmeData": {
      "Package": "benchmarkmeData",
      "Version": "1.0.4",
      "Source": "Repository",
      "Repository": "CRAN",
      "Hash": "03127f8e60281ab3c52f96bb98056dcb",
      "Requirements": [
        "dplyr"
      ]
    },
    "bit": {
      "Package": "bit",
      "Version": "4.0.4",
      "Source": "Repository",
      "Repository": "CRAN",
      "Hash": "f36715f14d94678eea9933af927bc15d",
      "Requirements": []
    },
    "bit64": {
      "Package": "bit64",
      "Version": "4.0.5",
      "Source": "Repository",
      "Repository": "CRAN",
      "Hash": "9fe98599ca456d6552421db0d6772d8f",
      "Requirements": [
        "bit"
      ]
    },
    "blob": {
      "Package": "blob",
      "Version": "1.2.3",
      "Source": "Repository",
      "Repository": "CRAN",
      "Hash": "10d231579bc9c06ab1c320618808d4ff",
      "Requirements": [
        "rlang"
      ]
    },
    "checkmate": {
      "Package": "checkmate",
      "Version": "2.1.0",
      "Source": "Repository",
      "Repository": "CRAN",
      "Hash": "147e4db6909d8814bb30f671b49d7e06",
      "Requirements": [
        "backports"
      ]
    },
    "clipr": {
      "Package": "clipr",
      "Version": "0.8.0",
      "Source": "Repository",
      "Repository": "CRAN",
      "Hash": "3f038e5ac7f41d4ac41ce658c85e3042",
      "Requirements": []
    },
    "cluster": {
      "Package": "cluster",
      "Version": "2.1.4",
      "Source": "Repository",
      "Repository": "CRAN",
      "Hash": "5edbbabab6ce0bf7900a74fd4358628e",
      "Requirements": []
    },
    "codetools": {
      "Package": "codetools",
      "Version": "0.2-18",
      "Source": "Repository",
      "Repository": "CRAN",
      "Hash": "019388fc48e48b3da0d3a76ff94608a8",
      "Requirements": []
    },
    "colorspace": {
      "Package": "colorspace",
      "Version": "2.0-3",
      "Source": "Repository",
      "Repository": "CRAN",
      "Hash": "bb4341986bc8b914f0f0acf2e4a3f2f7",
      "Requirements": []
    },
    "cpp11": {
      "Package": "cpp11",
      "Version": "0.4.2",
      "Source": "Repository",
      "Repository": "CRAN",
      "Hash": "fa53ce256cd280f468c080a58ea5ba8c",
      "Requirements": []
    },
    "data.table": {
      "Package": "data.table",
      "Version": "1.14.2",
      "Source": "Repository",
      "Repository": "CRAN",
      "Hash": "36b67b5adf57b292923f5659f5f0c853",
      "Requirements": []
    },
    "dbplyr": {
      "Package": "dbplyr",
      "Version": "2.2.1",
      "Source": "Repository",
      "Repository": "CRAN",
      "Hash": "f6c7eb9617e4d2a86bb7182fff99c805",
      "Requirements": [
        "DBI",
        "assertthat",
        "blob",
        "dplyr",
        "purrr",
        "rlang",
        "tidyselect"
      ]
    },
    "deldir": {
      "Package": "deldir",
      "Version": "1.0-6",
      "Source": "Repository",
      "Repository": "CRAN",
      "Hash": "65a3d4e2a1619bb85ae0fb64628da972",
      "Requirements": []
    },
    "doParallel": {
      "Package": "doParallel",
      "Version": "1.0.17",
      "Source": "Repository",
      "Repository": "CRAN",
      "Hash": "451e5edf411987991ab6a5410c45011f",
      "Requirements": [
        "foreach",
        "iterators"
      ]
    },
    "dplyr": {
      "Package": "dplyr",
      "Version": "1.0.10",
      "Source": "Repository",
      "Repository": "CRAN",
      "Hash": "539412282059f7f0c07295723d23f987",
      "Requirements": [
        "generics",
        "rlang",
        "tidyselect"
      ]
    },
    "farver": {
      "Package": "farver",
      "Version": "2.1.1",
      "Source": "Repository",
      "Repository": "CRAN",
      "Hash": "8106d78941f34855c440ddb946b8f7a5",
      "Requirements": []
    },
    "foreach": {
      "Package": "foreach",
      "Version": "1.5.2",
      "Source": "Repository",
      "Repository": "CRAN",
      "Hash": "618609b42c9406731ead03adf5379850",
      "Requirements": [
        "codetools",
        "iterators"
      ]
    },
    "foreign": {
      "Package": "foreign",
      "Version": "0.8-82",
      "Source": "Repository",
      "Repository": "CRAN",
      "Hash": "32b25c97ce306a760c4d9f787991b5d9",
      "Requirements": []
    },
    "generics": {
      "Package": "generics",
      "Version": "0.1.3",
      "Source": "Repository",
      "Repository": "CRAN",
      "Hash": "15e9634c0fcd294799e9b2e929ed1b86",
      "Requirements": []
    },
    "ggplot2": {
      "Package": "ggplot2",
      "Version": "3.3.6",
      "Source": "Repository",
      "Repository": "CRAN",
      "Hash": "0fb26d0674c82705c6b701d1a61e02ea",
      "Requirements": [
        "MASS",
        "gtable",
        "isoband",
        "mgcv",
        "rlang",
        "scales"
      ]
    },
    "gridExtra": {
      "Package": "gridExtra",
      "Version": "2.3",
      "Source": "Repository",
      "Repository": "CRAN",
      "Hash": "7d7f283939f563670a697165b2cf5560",
      "Requirements": [
        "gtable"
      ]
    },
    "gtable": {
      "Package": "gtable",
      "Version": "0.3.1",
      "Source": "Repository",
      "Repository": "CRAN",
      "Hash": "36b4265fb818f6a342bed217549cd896",
      "Requirements": []
    },
    "here": {
      "Package": "here",
      "Version": "1.0.1",
      "Source": "Repository",
      "Repository": "CRAN",
      "Hash": "24b224366f9c2e7534d2344d10d59211",
      "Requirements": []
    },
    "hms": {
      "Package": "hms",
      "Version": "1.1.2",
      "Source": "Repository",
      "Repository": "CRAN",
      "Hash": "41100392191e1244b887878b533eea91",
      "Requirements": [
        "rlang"
      ]
    },
    "htmlTable": {
      "Package": "htmlTable",
      "Version": "2.4.1",
      "Source": "Repository",
      "Repository": "CRAN",
      "Hash": "d5b485330dcfe241b50db157bf898e97",
      "Requirements": [
        "checkmate",
        "rstudioapi"
      ]
    },
    "interp": {
      "Package": "interp",
      "Version": "1.1-3",
      "Source": "Repository",
      "Repository": "CRAN",
      "Hash": "593dde779b230c60c4b589fd306bcd3e",
      "Requirements": [
        "RcppEigen",
        "deldir"
      ]
    },
    "isoband": {
      "Package": "isoband",
      "Version": "0.2.6",
      "Source": "Repository",
      "Repository": "CRAN",
      "Hash": "cfdea9dea85c1a973991c8cbe299f4da",
      "Requirements": []
    },
    "iterators": {
      "Package": "iterators",
      "Version": "1.0.14",
      "Source": "Repository",
      "Repository": "CRAN",
      "Hash": "8954069286b4b2b0d023d1b288dce978",
      "Requirements": []
    },
    "jpeg": {
      "Package": "jpeg",
      "Version": "0.1-9",
      "Source": "Repository",
      "Repository": "CRAN",
      "Hash": "441ee36360a57b363f4fa3df0c364630",
      "Requirements": []
    },
    "labeling": {
      "Package": "labeling",
      "Version": "0.4.2",
      "Source": "Repository",
      "Repository": "CRAN",
      "Hash": "3d5108641f47470611a32d0bdf357a72",
      "Requirements": []
    },
    "lattice": {
      "Package": "lattice",
      "Version": "0.20-45",
      "Source": "Repository",
      "Repository": "CRAN",
      "Hash": "b64cdbb2b340437c4ee047a1f4c4377b",
      "Requirements": []
    },
    "latticeExtra": {
      "Package": "latticeExtra",
      "Version": "0.6-30",
      "Source": "Repository",
      "Repository": "CRAN",
      "Hash": "0857b103442b4657416508733c8c6678",
      "Requirements": [
        "MASS",
        "RColorBrewer",
        "interp",
        "jpeg",
        "lattice",
        "png"
      ]
    },
    "mgcv": {
      "Package": "mgcv",
      "Version": "1.8-40",
      "Source": "Repository",
      "Repository": "CRAN",
      "Hash": "c6b2fdb18cf68ab613bd564363e1ba0d",
      "Requirements": [
        "Matrix",
        "nlme"
      ]
    },
    "multcomp": {
      "Package": "multcomp",
      "Version": "1.4-20",
      "Source": "Repository",
      "Repository": "CRAN",
      "Hash": "17bc0b035fdcf787ba6bcb8dae649f66",
      "Requirements": [
        "TH.data",
        "codetools",
        "mvtnorm",
        "sandwich",
        "survival"
      ]
    },
    "munsell": {
      "Package": "munsell",
      "Version": "0.5.0",
      "Source": "Repository",
      "Repository": "CRAN",
      "Hash": "6dfe8bf774944bd5595785e3229d8771",
      "Requirements": [
        "colorspace"
      ]
    },
    "mvtnorm": {
      "Package": "mvtnorm",
      "Version": "1.1-3",
      "Source": "Repository",
      "Repository": "CRAN",
      "Hash": "7a7541cc284cb2ba3ba7eae645892af5",
      "Requirements": []
    },
    "nlme": {
      "Package": "nlme",
      "Version": "3.1-159",
      "Source": "Repository",
      "Repository": "CRAN",
      "Hash": "4a0b3a68f846cb999ff0e8e519524fbb",
      "Requirements": [
        "lattice"
      ]
    },
    "nnet": {
      "Package": "nnet",
      "Version": "7.3-18",
      "Source": "Repository",
      "Repository": "CRAN",
      "Hash": "170da2130d5332bea7d6ede01875ba1d",
      "Requirements": []
    },
    "plogr": {
      "Package": "plogr",
      "Version": "0.2.0",
      "Source": "Repository",
      "Repository": "CRAN",
      "Hash": "09eb987710984fc2905c7129c7d85e65",
      "Requirements": []
    },
    "plyr": {
      "Package": "plyr",
      "Version": "1.8.7",
      "Source": "Repository",
      "Repository": "CRAN",
      "Hash": "9c17c6ee41639ebdc1d7266546d3b627",
      "Requirements": []
    },
    "png": {
      "Package": "png",
      "Version": "0.1-7",
      "Source": "Repository",
      "Repository": "CRAN",
      "Hash": "03b7076c234cb3331288919983326c55",
      "Requirements": []
    },
    "polspline": {
      "Package": "polspline",
      "Version": "1.1.20",
      "Source": "Repository",
      "Repository": "CRAN",
      "Hash": "9df08911be2e031016e2a93e22d9aa60",
      "Requirements": []
    },
    "prettyunits": {
      "Package": "prettyunits",
      "Version": "1.1.1",
      "Source": "Repository",
      "Repository": "CRAN",
      "Hash": "95ef9167b75dde9d2ccc3c7528393e7e",
      "Requirements": []
    },
    "progress": {
      "Package": "progress",
      "Version": "1.2.2",
      "Source": "Repository",
      "Repository": "CRAN",
      "Hash": "14dc9f7a3c91ebb14ec5bb9208a07061",
      "Requirements": [
        "hms",
        "prettyunits"
      ]
    },
    "purrr": {
      "Package": "purrr",
      "Version": "0.3.5",
      "Source": "Repository",
      "Repository": "CRAN",
      "Hash": "54842a2443c76267152eface28d9e90a",
      "Requirements": [
        "rlang"
      ]
    },
    "quantreg": {
      "Package": "quantreg",
      "Version": "5.94",
      "Source": "Repository",
      "Repository": "CRAN",
      "Hash": "b8b2b861526c344a7e16e5991fa5a4ab",
      "Requirements": [
        "MASS",
        "Matrix",
        "MatrixModels",
        "SparseM",
        "survival"
      ]
    },
    "readr": {
      "Package": "readr",
      "Version": "2.1.3",
      "Source": "Repository",
      "Repository": "CRAN",
      "Hash": "2dfbfc673ccb3de3d8836b4b3bd23d14",
      "Requirements": [
        "clipr",
        "cpp11",
        "hms",
        "rlang",
        "tzdb",
        "vroom"
      ]
    },
    "renv": {
      "Package": "renv",
      "Version": "0.15.5",
      "Source": "Repository",
      "Repository": "CRAN",
      "Hash": "6a38294e7d12f5d8e656b08c5bd8ae34",
      "Requirements": []
    },
    "reshape2": {
      "Package": "reshape2",
      "Version": "1.4.4",
      "Source": "Repository",
      "Repository": "CRAN",
      "Hash": "bb5996d0bd962d214a11140d77589917",
      "Requirements": [
        "plyr"
      ]
    },
    "reticulate": {
      "Package": "reticulate",
      "Version": "1.26",
      "Source": "Repository",
      "Repository": "CRAN",
      "Hash": "91c176c84a2e3558572d2cbaddc08bd4",
      "Requirements": [
        "Matrix",
        "RcppTOML",
        "here",
        "png"
      ]
    },
    "rlang": {
      "Package": "rlang",
      "Version": "1.0.6",
      "Source": "Repository",
      "Repository": "CRAN",
      "Hash": "4ed1f8336c8d52c3e750adcdc57228a7",
      "Requirements": []
    },
    "rms": {
      "Package": "rms",
      "Version": "6.3-0",
      "Source": "Repository",
      "Repository": "CRAN",
      "Hash": "9d82a492a45b765ebd7e54d0124ae7c1",
      "Requirements": [
        "Hmisc",
        "MASS",
        "SparseM",
        "cluster",
        "ggplot2",
        "htmlTable",
        "lattice",
        "multcomp",
        "nlme",
        "polspline",
        "quantreg",
        "rpart",
        "survival"
      ]
    },
    "rpart": {
      "Package": "rpart",
      "Version": "4.1.16",
      "Source": "Repository",
      "Repository": "CRAN",
      "Hash": "ea3ca1d9473daabb3cd0f1b4f974c1ed",
      "Requirements": []
    },
    "rstudioapi": {
      "Package": "rstudioapi",
      "Version": "0.14",
      "Source": "Repository",
      "Repository": "CRAN",
      "Hash": "690bd2acc42a9166ce34845884459320",
      "Requirements": []
    },
    "sandwich": {
      "Package": "sandwich",
      "Version": "3.0-2",
      "Source": "Repository",
      "Repository": "CRAN",
      "Hash": "dd5af939b8690baa8ee0bca996e99924",
      "Requirements": [
        "zoo"
      ]
    },
    "scales": {
      "Package": "scales",
      "Version": "1.2.1",
      "Source": "Repository",
      "Repository": "CRAN",
      "Hash": "906cb23d2f1c5680b8ce439b44c6fa63",
      "Requirements": [
        "RColorBrewer",
        "farver",
        "labeling",
        "munsell",
        "rlang",
        "viridisLite"
      ]
    },
    "slam": {
      "Package": "slam",
      "Version": "0.1-50",
      "Source": "Repository",
      "Repository": "CRAN",
      "Hash": "e25793551cbdb843154152e5ee88cbd6",
      "Requirements": []
    },
    "snow": {
      "Package": "snow",
      "Version": "0.4-4",
      "Source": "Repository",
      "Repository": "CRAN",
      "Hash": "40b74690debd20c57d93d8c246b305d4",
      "Requirements": []
    },
    "survival": {
      "Package": "survival",
      "Version": "3.4-0",
      "Source": "Repository",
      "Repository": "CRAN",
      "Hash": "04411ae66ab4659230c067c32966fc20",
      "Requirements": [
        "Matrix"
      ]
    },
    "tidyr": {
      "Package": "tidyr",
      "Version": "1.2.1",
      "Source": "Repository",
      "Repository": "CRAN",
      "Hash": "cdb403db0de33ccd1b6f53b83736efa8",
      "Requirements": [
        "cpp11",
        "dplyr",
        "purrr",
        "rlang",
        "tidyselect"
      ]
    },
    "tidyselect": {
      "Package": "tidyselect",
      "Version": "1.1.2",
      "Source": "Repository",
      "Repository": "CRAN",
      "Hash": "17f6da8cfd7002760a859915ce7eef8f",
      "Requirements": [
        "purrr",
        "rlang"
      ]
    },
    "triebeard": {
      "Package": "triebeard",
      "Version": "0.3.0",
      "Source": "Repository",
      "Repository": "CRAN",
      "Hash": "847a9d113b78baca4a9a8639609ea228",
      "Requirements": []
    },
    "tzdb": {
      "Package": "tzdb",
      "Version": "0.3.0",
      "Source": "Repository",
      "Repository": "CRAN",
      "Hash": "b2e1cbce7c903eaf23ec05c58e59fb5e",
      "Requirements": [
        "cpp11"
      ]
    },
    "urltools": {
      "Package": "urltools",
      "Version": "1.7.3",
      "Source": "Repository",
      "Repository": "CRAN",
      "Hash": "e86a704261a105f4703f653e05defa3e",
      "Requirements": [
        "triebeard"
      ]
    },
    "viridis": {
      "Package": "viridis",
      "Version": "0.6.2",
      "Source": "Repository",
      "Repository": "CRAN",
      "Hash": "ee96aee95a7a563e5496f8991e9fde4b",
      "Requirements": [
        "ggplot2",
        "gridExtra",
        "viridisLite"
      ]
    },
    "viridisLite": {
      "Package": "viridisLite",
      "Version": "0.4.1",
      "Source": "Repository",
      "Repository": "CRAN",
      "Hash": "62f4b5da3e08d8e5bcba6cac15603f70",
      "Requirements": []
    },
    "vroom": {
      "Package": "vroom",
      "Version": "1.6.0",
      "Source": "Repository",
      "Repository": "CRAN",
      "Hash": "64f81fdead6e0d250fb041e175d123ab",
      "Requirements": [
        "bit64",
        "cpp11",
        "hms",
        "progress",
        "rlang",
        "tidyselect",
        "tzdb"
      ]
    },
    "xml2": {
      "Package": "xml2",
      "Version": "1.3.3",
      "Source": "Repository",
      "Repository": "CRAN",
      "Hash": "40682ed6a969ea5abfd351eb67833adc",
      "Requirements": []
    },
    "zeallot": {
      "Package": "zeallot",
      "Version": "0.1.0",
      "Source": "Repository",
      "Repository": "CRAN",
      "Hash": "ee9b643aa8331c45d8d82eb3a137c9bc",
      "Requirements": []
    },
    "zip": {
      "Package": "zip",
      "Version": "2.2.1",
      "Source": "Repository",
      "Repository": "CRAN",
      "Hash": "a7e91189fa51d9029a30eba3831ce53f",
      "Requirements": []
    },
    "zoo": {
      "Package": "zoo",
      "Version": "1.8-11",
      "Source": "Repository",
      "Repository": "CRAN",
      "Hash": "874a5b77fe0cfacf2a3450069ae70926",
      "Requirements": [
        "lattice"
      ]
    }
  }
}
